
Microsoft Visual Studio Solution File, Format Version 12.00
# Visual Studio Version 16
VisualStudioVersion = 16.0.29102.190
MinimumVisualStudioVersion = 10.0.40219.1
Project("{8BC9CEB8-8B4A-11D0-8D11-00A0C91BC942}") = "Cplusplus", "Cplusplus\Cplusplus.vcxproj", "{6BCBB460-474C-48C6-9CCA-CC30A641CE0D}"
EndProject
Project("{8BC9CEB8-8B4A-11D0-8D11-00A0C91BC942}") = "8 引用的本质", "8 引用的本质\8 引用的本质.vcxproj", "{88DEB996-AE71-483F-AACC-7EFD82A266FE}"
EndProject
Project("{8BC9CEB8-8B4A-11D0-8D11-00A0C91BC942}") = "9 引用作为函数返回值", "9 引用作为函数返回值\9 引用作为函数返回值.vcxproj", "{8865CD86-FB95-49D6-8DAE-DBB757E6E662}"
EndProject
Project("{8BC9CEB8-8B4A-11D0-8D11-00A0C91BC942}") = "10 指针的引用", "10 指针的引用\10 指针的引用.vcxproj", "{C17974AE-825F-4951-BB06-2BAFCC56C59C}"
EndProject
Project("{8BC9CEB8-8B4A-11D0-8D11-00A0C91BC942}") = "11 const 引用", "11 const 引用\11 const 引用.vcxproj", "{8E43DCC1-0BF4-445F-B169-D6A74270257B}"
EndProject
Project("{8BC9CEB8-8B4A-11D0-8D11-00A0C91BC942}") = "12 内联函数", "12 内联函数\12 内联函数.vcxproj", "{9DD9777C-7928-4708-A464-87DE27A5828B}"
EndProject
Project("{8BC9CEB8-8B4A-11D0-8D11-00A0C91BC942}") = "13 默认参数和占位参数", "13 默认参数和占位参数\13 默认参数和占位参数.vcxproj", "{5761C551-BA30-4581-B5E2-8D423D96E482}"
EndProject
Project("{8BC9CEB8-8B4A-11D0-8D11-00A0C91BC942}") = "14 函数重载", "14 函数重载\14 函数重载.vcxproj", "{C9287720-B4F4-4C63-BF31-B40636D3B26C}"
EndProject
Project("{8BC9CEB8-8B4A-11D0-8D11-00A0C91BC942}") = "15 函数重载和函数指针", "15 函数重载和函数指针\15 函数重载和函数指针.vcxproj", "{FF7470ED-3819-4B41-94D0-22288424F38B}"
EndProject
Project("{8BC9CEB8-8B4A-11D0-8D11-00A0C91BC942}") = "16 类和对象", "16 类和对象\16 类和对象.vcxproj", "{899052E0-5ACE-4F2C-9E4E-144DF53C168E}"
EndProject
Project("{8BC9CEB8-8B4A-11D0-8D11-00A0C91BC942}") = "17 类的封装", "17 类的封装\17 类的封装.vcxproj", "{FE6B7E9B-9804-4C92-92FA-356780D38FDB}"
EndProject
Project("{8BC9CEB8-8B4A-11D0-8D11-00A0C91BC942}") = "18 面向过程和面向对象", "18 面向过程和面向对象\18 面向过程和面向对象.vcxproj", "{22C39AC9-7FC9-4859-9FC4-F7854C46B044}"
EndProject
Project("{8BC9CEB8-8B4A-11D0-8D11-00A0C91BC942}") = "19 构造析构与拷贝构造函数", "19 构造析构与拷贝构造函数\19 构造析构与拷贝构造函数.vcxproj", "{ED5DCAC1-D4CB-4671-B425-40CD8EC32C52}"
EndProject
Project("{8BC9CEB8-8B4A-11D0-8D11-00A0C91BC942}") = "20 深拷贝浅拷贝", "20 深拷贝浅拷贝\20 深拷贝浅拷贝.vcxproj", "{98406897-5A89-4795-8DC5-32530399C16E}"
EndProject
Project("{8BC9CEB8-8B4A-11D0-8D11-00A0C91BC942}") = "21 构造函数的初始化列表", "21 构造函数的初始化列表\21 构造函数的初始化列表.vcxproj", "{69E88BDE-1C05-494F-9EB5-2BDFF139ECF2}"
EndProject
Project("{8BC9CEB8-8B4A-11D0-8D11-00A0C91BC942}") = "22 new和delete", "22 new和delete\22 new和delete.vcxproj", "{F094CA46-0E4F-43B4-9057-49C73471CA94}"
EndProject
Project("{8BC9CEB8-8B4A-11D0-8D11-00A0C91BC942}") = "23 static成员变量", "23 static成员变量\23 static成员变量.vcxproj", "{CD51A74D-BD8B-491D-A8C7-5AE75CAECFC3}"
EndProject
Project("{8BC9CEB8-8B4A-11D0-8D11-00A0C91BC942}") = "24 this指针", "24 this指针\24 this指针.vcxproj", "{CD6CCDAA-7FCA-4DCE-8C18-E862CBEAD196}"
EndProject
Project("{8BC9CEB8-8B4A-11D0-8D11-00A0C91BC942}") = "25 对象返回本身", "25 对象返回本身\25 对象返回本身.vcxproj", "{88476A28-7421-4D66-B9C4-14736E80A4E8}"
EndProject
Project("{8BC9CEB8-8B4A-11D0-8D11-00A0C91BC942}") = "[练习]自定义数组类", "[练习]自定义数组类\[练习]自定义数组类.vcxproj", "{3D700893-3881-4A04-8498-A9C0C7C5A49A}"
EndProject
Project("{8BC9CEB8-8B4A-11D0-8D11-00A0C91BC942}") = "26 友元函数", "26 友元函数\26 友元函数.vcxproj", "{5B7F22AC-CC47-4095-B55F-70720965E4A7}"
EndProject
Project("{8BC9CEB8-8B4A-11D0-8D11-00A0C91BC942}") = "27 友元类", "27 友元类\27 友元类.vcxproj", "{0C1BFAE8-E604-406B-949F-52EB6B76AA86}"
EndProject
Project("{8BC9CEB8-8B4A-11D0-8D11-00A0C91BC942}") = "28 操作符重载", "28 操作符重载\28 操作符重载.vcxproj", "{57F1E79F-A163-4B4B-BAFA-CEC73D9914D5}"
EndProject
Project("{8BC9CEB8-8B4A-11D0-8D11-00A0C91BC942}") = "29 双目运算符重载", "29 双目运算符重载\29 双目运算符重载.vcxproj", "{30B6DC3D-FB36-4892-90DA-CBABC01486D3}"
EndProject
Project("{8BC9CEB8-8B4A-11D0-8D11-00A0C91BC942}") = "30 左移右移操作符重载", "30 左移右移操作符重载\30 左移右移操作符重载.vcxproj", "{253707DA-3EE6-4C86-817F-559D93CA10B2}"
EndProject
Project("{8BC9CEB8-8B4A-11D0-8D11-00A0C91BC942}") = "31 等号操作符重载", "31 等号操作符重载\31 等号操作符重载.vcxproj", "{51A590B0-67C2-46C8-99E6-A84500DE9C51}"
EndProject
Project("{8BC9CEB8-8B4A-11D0-8D11-00A0C91BC942}") = "32 重载小括号", "32 重载小括号\32 重载小括号.vcxproj", "{64822B93-0C20-488D-92F2-E13816B09B90}"
EndProject
Project("{8BC9CEB8-8B4A-11D0-8D11-00A0C91BC942}") = "33 重载new和delete", "33 重载new和delete\33 重载new和delete.vcxproj", "{A9856356-0AB4-4719-A6B9-15946842CF9E}"
EndProject
Project("{8BC9CEB8-8B4A-11D0-8D11-00A0C91BC942}") = "34 不建议重载并且和或者操作符", "34 不建议重载并且和或者操作符\34 不建议重载并且和或者操作符.vcxproj", "{52896052-2FC7-46DF-AA3D-54EE77EB508F}"
EndProject
Project("{8BC9CEB8-8B4A-11D0-8D11-00A0C91BC942}") = "35 自定义智能指针", "35 自定义智能指针\35 自定义智能指针.vcxproj", "{6F9B0259-CB4A-44DD-8984-B850C79A828D}"
EndProject
Project("{8BC9CEB8-8B4A-11D0-8D11-00A0C91BC942}") = "36 自定义字符串类", "36 自定义字符串类\36 自定义字符串类.vcxproj", "{DC7D2145-76BA-4665-8AB6-EE67904C7054}"
EndProject
Project("{8BC9CEB8-8B4A-11D0-8D11-00A0C91BC942}") = "37 类与类之间的关系", "37 类与类之间的关系\37 类与类之间的关系.vcxproj", "{076452D2-41D8-4CFD-A9BD-BAA2DA0CBA83}"
EndProject
Project("{8BC9CEB8-8B4A-11D0-8D11-00A0C91BC942}") = "38 继承的基本概念", "38 继承的基本概念\38 继承的基本概念.vcxproj", "{9FB25324-6FD6-46F2-82E4-BB5652B22E33}"
EndProject
Project("{8BC9CEB8-8B4A-11D0-8D11-00A0C91BC942}") = "39 继承方式", "39 继承方式\39 继承方式.vcxproj", "{5CFC04EE-E783-4FC3-9822-003D6281E963}"
EndProject
Project("{8BC9CEB8-8B4A-11D0-8D11-00A0C91BC942}") = "40 类的兼容性原则", "40 类的兼容性原则\40 类的兼容性原则.vcxproj", "{93B212A6-921D-4B9E-9F77-AB6F0FDF86C4}"
EndProject
Project("{8BC9CEB8-8B4A-11D0-8D11-00A0C91BC942}") = "41 继承的构造和析构", "41 继承的构造和析构\41 继承的构造和析构.vcxproj", "{4555E304-5522-4C4B-A14A-0E6792B676BF}"
EndProject
Project("{8BC9CEB8-8B4A-11D0-8D11-00A0C91BC942}") = "42 子类与父类成员重名", "42 子类与父类成员重名\42 子类与父类成员重名.vcxproj", "{D28B2964-F488-4D8A-ABAF-7FC3D15BBB23}"
EndProject
Project("{8BC9CEB8-8B4A-11D0-8D11-00A0C91BC942}") = "43 继承中的static", "43 继承中的static\43 继承中的static.vcxproj", "{EFF9A03C-43A7-4399-9649-58E27F9A33D8}"
EndProject
Project("{8BC9CEB8-8B4A-11D0-8D11-00A0C91BC942}") = "44 多继承与虚继承", "44 多继承与虚继承\44 多继承与虚继承.vcxproj", "{0FC985E3-0AB1-4863-B46A-9F296DBB81CB}"
EndProject
Project("{8BC9CEB8-8B4A-11D0-8D11-00A0C91BC942}") = "45 父类的虚函数", "45 父类的虚函数\45 父类的虚函数.vcxproj", "{CB6EACD5-8D3B-47AF-A689-1E22A328708B}"
EndProject
Project("{8BC9CEB8-8B4A-11D0-8D11-00A0C91BC942}") = "46 父类指针指向子类对象", "46 父类指针指向子类对象\46 父类指针指向子类对象.vcxproj", "{02D88939-F414-407A-8A32-A0D99B87F773}"
EndProject
Project("{8BC9CEB8-8B4A-11D0-8D11-00A0C91BC942}") = "47 父类指针与子类指针的步长", "47 父类指针与子类指针的步长\47 父类指针与子类指针的步长.vcxproj", "{CBEC4D5E-F114-4193-BA46-3B8179F8B62F}"
EndProject
Project("{8BC9CEB8-8B4A-11D0-8D11-00A0C91BC942}") = "48 纯虚函数与抽象类", "48 纯虚函数与抽象类\48 纯虚函数与抽象类.vcxproj", "{0A9F1222-676D-4BEC-A566-E8B068B5012F}"
EndProject
Project("{8BC9CEB8-8B4A-11D0-8D11-00A0C91BC942}") = "[练习]面向抽象类编程-电脑组装", "[练习]面向抽象类编程-电脑组装\[练习]面向抽象类编程-电脑组装.vcxproj", "{5F83E73C-F2B6-4C11-893B-9ED29F0071FC}"
EndProject
Project("{8BC9CEB8-8B4A-11D0-8D11-00A0C91BC942}") = "[练习]面向抽象类编程-公司职员", "[练习]面向抽象类编程-公司职员\[练习]面向抽象类编程-公司职员.vcxproj", "{E3E37BC4-1BB2-46BE-86B5-7BDE79DF1ED0}"
EndProject
Project("{8BC9CEB8-8B4A-11D0-8D11-00A0C91BC942}") = "49 数组类型和数组指针", "49 数组类型和数组指针\49 数组类型和数组指针.vcxproj", "{F9E9E693-CDEA-4898-97AF-BAE748D40CB4}"
EndProject
Project("{8BC9CEB8-8B4A-11D0-8D11-00A0C91BC942}") = "50 函数指针的意义", "50 函数指针的意义\50 函数指针的意义.vcxproj", "{A8CB202D-45A6-42FF-A682-B2CBEF3E2A83}"
EndProject
Project("{8BC9CEB8-8B4A-11D0-8D11-00A0C91BC942}") = "51 函数模板", "51 函数模板\51 函数模板.vcxproj", "{B442CD8F-DFB8-420A-AEF0-2CC3259880D9}"
EndProject
Project("{8BC9CEB8-8B4A-11D0-8D11-00A0C91BC942}") = "52 类模板", "52 类模板\52 类模板.vcxproj", "{0505B8E9-32A7-4D06-B8B8-E0E8C291BDB4}"
EndProject
Project("{8BC9CEB8-8B4A-11D0-8D11-00A0C91BC942}") = "53 类模板派生普通类", "53 类模板派生普通类\53 类模板派生普通类.vcxproj", "{86857EFC-BFB5-4D3E-B07F-95950358A9C5}"
EndProject
Project("{8BC9CEB8-8B4A-11D0-8D11-00A0C91BC942}") = "54 类模板派生类模板", "54 类模板派生类模板\54 类模板派生类模板.vcxproj", "{4C0F42FC-E5D1-4C1B-B641-5D038CBEEB49}"
EndProject
Project("{8BC9CEB8-8B4A-11D0-8D11-00A0C91BC942}") = "55 类的头文件分离写法", "55 类的头文件分离写法\55 类的头文件分离写法.vcxproj", "{588A4340-89CB-4531-80AA-240CB44AF868}"
EndProject
Project("{8BC9CEB8-8B4A-11D0-8D11-00A0C91BC942}") = "56 类模板外部实现", "56 类模板外部实现\56 类模板外部实现.vcxproj", "{0849AB5B-F598-4BFA-9CEB-E3AA63AD3B28}"
EndProject
Project("{8BC9CEB8-8B4A-11D0-8D11-00A0C91BC942}") = "57 类模板声明与实现分离编写", "57 类模板声明与实现分离编写\57 类模板声明与实现分离编写.vcxproj", "{D3805123-7FE3-4030-A413-822C34257023}"
EndProject
Project("{8BC9CEB8-8B4A-11D0-8D11-00A0C91BC942}") = "58 类模板与static变量", "58 类模板与static变量\58 类模板与static变量.vcxproj", "{B6FDF50B-7A88-4459-92B3-276AC9CC24F7}"
EndProject
Project("{8BC9CEB8-8B4A-11D0-8D11-00A0C91BC942}") = "[练习]类模板数组类", "[练习]类模板数组类\[练习]类模板数组类.vcxproj", "{62D79B18-7236-45CD-B6ED-6055CFE230B3}"
EndProject
Project("{8BC9CEB8-8B4A-11D0-8D11-00A0C91BC942}") = "59 类型转换", "59 类型转换\59 类型转换.vcxproj", "{0D7FD1E1-BACD-4C9D-AAE6-6AA54D1DE1D5}"
EndProject
Project("{8BC9CEB8-8B4A-11D0-8D11-00A0C91BC942}") = "60 异常机制", "60 异常机制\60 异常机制.vcxproj", "{30CB8D17-DF78-4A6B-80DF-FD21996256D7}"
EndProject
Project("{8BC9CEB8-8B4A-11D0-8D11-00A0C91BC942}") = "61 异常机制之栈解旋", "61 异常机制之栈解旋\61 异常机制之栈解旋.vcxproj", "{7F9936CE-096B-4CF2-83D9-39ACA0C336E5}"
EndProject
Project("{8BC9CEB8-8B4A-11D0-8D11-00A0C91BC942}") = "62 异常接口声明", "62 异常接口声明\62 异常接口声明.vcxproj", "{90C49E18-92F8-4A4F-8ABF-1B5111E31757}"
EndProject
Project("{8BC9CEB8-8B4A-11D0-8D11-00A0C91BC942}") = "63 异常类型与异常对象生命周期", "63 异常类型与异常对象生命周期\63 异常类型与异常对象生命周期.vcxproj", "{6D6A2127-C007-42EA-B7D3-094FD1DF063A}"
EndProject
Project("{8BC9CEB8-8B4A-11D0-8D11-00A0C91BC942}") = "64 C++标准异常库举例", "64 C++标准异常库举例\64 C++标准异常库举例.vcxproj", "{5FCB9A2B-D746-4AA0-A61D-A120D999823F}"
EndProject
Project("{8BC9CEB8-8B4A-11D0-8D11-00A0C91BC942}") = "65 C++标准输入输出流", "65 C++标准输入输出流\65 C++标准输入输出流.vcxproj", "{DED655B9-2F44-437A-93AA-2890C89BA3EE}"
EndProject
Project("{8BC9CEB8-8B4A-11D0-8D11-00A0C91BC942}") = "66 文件读写", "66 文件读写\66 文件读写.vcxproj", "{22730138-AA61-4FF3-BC74-53BA156B3CB5}"
EndProject
Project("{8BC9CEB8-8B4A-11D0-8D11-00A0C91BC942}") = "67 STL容器与迭代器与算法思路", "67 STL容器与迭代器与算法思路\67 STL容器与迭代器与算法思路.vcxproj", "{BEDEC676-EB4B-4852-A682-1C727F94068B}"
EndProject
Project("{8BC9CEB8-8B4A-11D0-8D11-00A0C91BC942}") = "68 STL之vector动态数组", "68 STL之vector动态数组\68 STL之vector动态数组.vcxproj", "{2789EDE8-2A52-4447-91D5-207D2145CFD1}"
EndProject
Project("{8BC9CEB8-8B4A-11D0-8D11-00A0C91BC942}") = "69 STL之string字符串", "69 STL之string字符串\69 STL之string字符串.vcxproj", "{CB3272B3-E009-458F-B198-C0BDA305908A}"
EndProject
Project("{8BC9CEB8-8B4A-11D0-8D11-00A0C91BC942}") = "70 STL之vector容器", "70 STL之vector容器\70 STL之vector容器.vcxproj", "{279B23C5-1B11-40AE-8E59-34454434C4C7}"
EndProject
Project("{8BC9CEB8-8B4A-11D0-8D11-00A0C91BC942}") = "71 STL之deque容器", "71 STL之deque容器\71 STL之deque容器.vcxproj", "{20F139D1-AE57-4643-9ED6-386A7AD2AB93}"
EndProject
Project("{8BC9CEB8-8B4A-11D0-8D11-00A0C91BC942}") = "[练习]deque容器_打分案例", "[练习]deque容器_打分案例\[练习]deque容器_打分案例.vcxproj", "{62360EBD-3A31-4570-A10E-EED6F67891C3}"
EndProject
Project("{8BC9CEB8-8B4A-11D0-8D11-00A0C91BC942}") = "72 STL之stack栈容器", "72 STL之stack栈容器\72 STL之stack栈容器.vcxproj", "{DD00B1E6-89B2-411A-8FA1-B37F4ABC617F}"
EndProject
Project("{8BC9CEB8-8B4A-11D0-8D11-00A0C91BC942}") = "73 STL之queue队列容器", "73 STL之queue队列容器\73 STL之queue队列容器.vcxproj", "{77E7DA05-B38A-4F8E-9BE4-0347BDDB0374}"
EndProject
Project("{8BC9CEB8-8B4A-11D0-8D11-00A0C91BC942}") = "74 STL之list链表容器", "74 STL之list链表容器\74 STL之list链表容器.vcxproj", "{847A4C63-2C53-4A6F-AD19-ECA113FD6742}"
EndProject
Global
	GlobalSection(SolutionConfigurationPlatforms) = preSolution
		Debug|x64 = Debug|x64
		Debug|x86 = Debug|x86
		Release|x64 = Release|x64
		Release|x86 = Release|x86
	EndGlobalSection
	GlobalSection(ProjectConfigurationPlatforms) = postSolution
		{6BCBB460-474C-48C6-9CCA-CC30A641CE0D}.Debug|x64.ActiveCfg = Debug|x64
		{6BCBB460-474C-48C6-9CCA-CC30A641CE0D}.Debug|x64.Build.0 = Debug|x64
		{6BCBB460-474C-48C6-9CCA-CC30A641CE0D}.Debug|x86.ActiveCfg = Debug|Win32
		{6BCBB460-474C-48C6-9CCA-CC30A641CE0D}.Debug|x86.Build.0 = Debug|Win32
		{6BCBB460-474C-48C6-9CCA-CC30A641CE0D}.Release|x64.ActiveCfg = Release|x64
		{6BCBB460-474C-48C6-9CCA-CC30A641CE0D}.Release|x64.Build.0 = Release|x64
		{6BCBB460-474C-48C6-9CCA-CC30A641CE0D}.Release|x86.ActiveCfg = Release|Win32
		{6BCBB460-474C-48C6-9CCA-CC30A641CE0D}.Release|x86.Build.0 = Release|Win32
		{88DEB996-AE71-483F-AACC-7EFD82A266FE}.Debug|x64.ActiveCfg = Debug|x64
		{88DEB996-AE71-483F-AACC-7EFD82A266FE}.Debug|x64.Build.0 = Debug|x64
		{88DEB996-AE71-483F-AACC-7EFD82A266FE}.Debug|x86.ActiveCfg = Debug|Win32
		{88DEB996-AE71-483F-AACC-7EFD82A266FE}.Debug|x86.Build.0 = Debug|Win32
		{88DEB996-AE71-483F-AACC-7EFD82A266FE}.Release|x64.ActiveCfg = Release|x64
		{88DEB996-AE71-483F-AACC-7EFD82A266FE}.Release|x64.Build.0 = Release|x64
		{88DEB996-AE71-483F-AACC-7EFD82A266FE}.Release|x86.ActiveCfg = Release|Win32
		{88DEB996-AE71-483F-AACC-7EFD82A266FE}.Release|x86.Build.0 = Release|Win32
		{8865CD86-FB95-49D6-8DAE-DBB757E6E662}.Debug|x64.ActiveCfg = Debug|x64
		{8865CD86-FB95-49D6-8DAE-DBB757E6E662}.Debug|x64.Build.0 = Debug|x64
		{8865CD86-FB95-49D6-8DAE-DBB757E6E662}.Debug|x86.ActiveCfg = Debug|Win32
		{8865CD86-FB95-49D6-8DAE-DBB757E6E662}.Debug|x86.Build.0 = Debug|Win32
		{8865CD86-FB95-49D6-8DAE-DBB757E6E662}.Release|x64.ActiveCfg = Release|x64
		{8865CD86-FB95-49D6-8DAE-DBB757E6E662}.Release|x64.Build.0 = Release|x64
		{8865CD86-FB95-49D6-8DAE-DBB757E6E662}.Release|x86.ActiveCfg = Release|Win32
		{8865CD86-FB95-49D6-8DAE-DBB757E6E662}.Release|x86.Build.0 = Release|Win32
		{C17974AE-825F-4951-BB06-2BAFCC56C59C}.Debug|x64.ActiveCfg = Debug|x64
		{C17974AE-825F-4951-BB06-2BAFCC56C59C}.Debug|x64.Build.0 = Debug|x64
		{C17974AE-825F-4951-BB06-2BAFCC56C59C}.Debug|x86.ActiveCfg = Debug|Win32
		{C17974AE-825F-4951-BB06-2BAFCC56C59C}.Debug|x86.Build.0 = Debug|Win32
		{C17974AE-825F-4951-BB06-2BAFCC56C59C}.Release|x64.ActiveCfg = Release|x64
		{C17974AE-825F-4951-BB06-2BAFCC56C59C}.Release|x64.Build.0 = Release|x64
		{C17974AE-825F-4951-BB06-2BAFCC56C59C}.Release|x86.ActiveCfg = Release|Win32
		{C17974AE-825F-4951-BB06-2BAFCC56C59C}.Release|x86.Build.0 = Release|Win32
		{8E43DCC1-0BF4-445F-B169-D6A74270257B}.Debug|x64.ActiveCfg = Debug|x64
		{8E43DCC1-0BF4-445F-B169-D6A74270257B}.Debug|x64.Build.0 = Debug|x64
		{8E43DCC1-0BF4-445F-B169-D6A74270257B}.Debug|x86.ActiveCfg = Debug|Win32
		{8E43DCC1-0BF4-445F-B169-D6A74270257B}.Debug|x86.Build.0 = Debug|Win32
		{8E43DCC1-0BF4-445F-B169-D6A74270257B}.Release|x64.ActiveCfg = Release|x64
		{8E43DCC1-0BF4-445F-B169-D6A74270257B}.Release|x64.Build.0 = Release|x64
		{8E43DCC1-0BF4-445F-B169-D6A74270257B}.Release|x86.ActiveCfg = Release|Win32
		{8E43DCC1-0BF4-445F-B169-D6A74270257B}.Release|x86.Build.0 = Release|Win32
		{9DD9777C-7928-4708-A464-87DE27A5828B}.Debug|x64.ActiveCfg = Debug|x64
		{9DD9777C-7928-4708-A464-87DE27A5828B}.Debug|x64.Build.0 = Debug|x64
		{9DD9777C-7928-4708-A464-87DE27A5828B}.Debug|x86.ActiveCfg = Debug|Win32
		{9DD9777C-7928-4708-A464-87DE27A5828B}.Debug|x86.Build.0 = Debug|Win32
		{9DD9777C-7928-4708-A464-87DE27A5828B}.Release|x64.ActiveCfg = Release|x64
		{9DD9777C-7928-4708-A464-87DE27A5828B}.Release|x64.Build.0 = Release|x64
		{9DD9777C-7928-4708-A464-87DE27A5828B}.Release|x86.ActiveCfg = Release|Win32
		{9DD9777C-7928-4708-A464-87DE27A5828B}.Release|x86.Build.0 = Release|Win32
		{5761C551-BA30-4581-B5E2-8D423D96E482}.Debug|x64.ActiveCfg = Debug|x64
		{5761C551-BA30-4581-B5E2-8D423D96E482}.Debug|x64.Build.0 = Debug|x64
		{5761C551-BA30-4581-B5E2-8D423D96E482}.Debug|x86.ActiveCfg = Debug|Win32
		{5761C551-BA30-4581-B5E2-8D423D96E482}.Debug|x86.Build.0 = Debug|Win32
		{5761C551-BA30-4581-B5E2-8D423D96E482}.Release|x64.ActiveCfg = Release|x64
		{5761C551-BA30-4581-B5E2-8D423D96E482}.Release|x64.Build.0 = Release|x64
		{5761C551-BA30-4581-B5E2-8D423D96E482}.Release|x86.ActiveCfg = Release|Win32
		{5761C551-BA30-4581-B5E2-8D423D96E482}.Release|x86.Build.0 = Release|Win32
		{C9287720-B4F4-4C63-BF31-B40636D3B26C}.Debug|x64.ActiveCfg = Debug|x64
		{C9287720-B4F4-4C63-BF31-B40636D3B26C}.Debug|x64.Build.0 = Debug|x64
		{C9287720-B4F4-4C63-BF31-B40636D3B26C}.Debug|x86.ActiveCfg = Debug|Win32
		{C9287720-B4F4-4C63-BF31-B40636D3B26C}.Debug|x86.Build.0 = Debug|Win32
		{C9287720-B4F4-4C63-BF31-B40636D3B26C}.Release|x64.ActiveCfg = Release|x64
		{C9287720-B4F4-4C63-BF31-B40636D3B26C}.Release|x64.Build.0 = Release|x64
		{C9287720-B4F4-4C63-BF31-B40636D3B26C}.Release|x86.ActiveCfg = Release|Win32
		{C9287720-B4F4-4C63-BF31-B40636D3B26C}.Release|x86.Build.0 = Release|Win32
		{FF7470ED-3819-4B41-94D0-22288424F38B}.Debug|x64.ActiveCfg = Debug|x64
		{FF7470ED-3819-4B41-94D0-22288424F38B}.Debug|x64.Build.0 = Debug|x64
		{FF7470ED-3819-4B41-94D0-22288424F38B}.Debug|x86.ActiveCfg = Debug|Win32
		{FF7470ED-3819-4B41-94D0-22288424F38B}.Debug|x86.Build.0 = Debug|Win32
		{FF7470ED-3819-4B41-94D0-22288424F38B}.Release|x64.ActiveCfg = Release|x64
		{FF7470ED-3819-4B41-94D0-22288424F38B}.Release|x64.Build.0 = Release|x64
		{FF7470ED-3819-4B41-94D0-22288424F38B}.Release|x86.ActiveCfg = Release|Win32
		{FF7470ED-3819-4B41-94D0-22288424F38B}.Release|x86.Build.0 = Release|Win32
		{899052E0-5ACE-4F2C-9E4E-144DF53C168E}.Debug|x64.ActiveCfg = Debug|x64
		{899052E0-5ACE-4F2C-9E4E-144DF53C168E}.Debug|x64.Build.0 = Debug|x64
		{899052E0-5ACE-4F2C-9E4E-144DF53C168E}.Debug|x86.ActiveCfg = Debug|Win32
		{899052E0-5ACE-4F2C-9E4E-144DF53C168E}.Debug|x86.Build.0 = Debug|Win32
		{899052E0-5ACE-4F2C-9E4E-144DF53C168E}.Release|x64.ActiveCfg = Release|x64
		{899052E0-5ACE-4F2C-9E4E-144DF53C168E}.Release|x64.Build.0 = Release|x64
		{899052E0-5ACE-4F2C-9E4E-144DF53C168E}.Release|x86.ActiveCfg = Release|Win32
		{899052E0-5ACE-4F2C-9E4E-144DF53C168E}.Release|x86.Build.0 = Release|Win32
		{FE6B7E9B-9804-4C92-92FA-356780D38FDB}.Debug|x64.ActiveCfg = Debug|x64
		{FE6B7E9B-9804-4C92-92FA-356780D38FDB}.Debug|x64.Build.0 = Debug|x64
		{FE6B7E9B-9804-4C92-92FA-356780D38FDB}.Debug|x86.ActiveCfg = Debug|Win32
		{FE6B7E9B-9804-4C92-92FA-356780D38FDB}.Debug|x86.Build.0 = Debug|Win32
		{FE6B7E9B-9804-4C92-92FA-356780D38FDB}.Release|x64.ActiveCfg = Release|x64
		{FE6B7E9B-9804-4C92-92FA-356780D38FDB}.Release|x64.Build.0 = Release|x64
		{FE6B7E9B-9804-4C92-92FA-356780D38FDB}.Release|x86.ActiveCfg = Release|Win32
		{FE6B7E9B-9804-4C92-92FA-356780D38FDB}.Release|x86.Build.0 = Release|Win32
		{22C39AC9-7FC9-4859-9FC4-F7854C46B044}.Debug|x64.ActiveCfg = Debug|x64
		{22C39AC9-7FC9-4859-9FC4-F7854C46B044}.Debug|x64.Build.0 = Debug|x64
		{22C39AC9-7FC9-4859-9FC4-F7854C46B044}.Debug|x86.ActiveCfg = Debug|Win32
		{22C39AC9-7FC9-4859-9FC4-F7854C46B044}.Debug|x86.Build.0 = Debug|Win32
		{22C39AC9-7FC9-4859-9FC4-F7854C46B044}.Release|x64.ActiveCfg = Release|x64
		{22C39AC9-7FC9-4859-9FC4-F7854C46B044}.Release|x64.Build.0 = Release|x64
		{22C39AC9-7FC9-4859-9FC4-F7854C46B044}.Release|x86.ActiveCfg = Release|Win32
		{22C39AC9-7FC9-4859-9FC4-F7854C46B044}.Release|x86.Build.0 = Release|Win32
		{ED5DCAC1-D4CB-4671-B425-40CD8EC32C52}.Debug|x64.ActiveCfg = Debug|x64
		{ED5DCAC1-D4CB-4671-B425-40CD8EC32C52}.Debug|x64.Build.0 = Debug|x64
		{ED5DCAC1-D4CB-4671-B425-40CD8EC32C52}.Debug|x86.ActiveCfg = Debug|Win32
		{ED5DCAC1-D4CB-4671-B425-40CD8EC32C52}.Debug|x86.Build.0 = Debug|Win32
		{ED5DCAC1-D4CB-4671-B425-40CD8EC32C52}.Release|x64.ActiveCfg = Release|x64
		{ED5DCAC1-D4CB-4671-B425-40CD8EC32C52}.Release|x64.Build.0 = Release|x64
		{ED5DCAC1-D4CB-4671-B425-40CD8EC32C52}.Release|x86.ActiveCfg = Release|Win32
		{ED5DCAC1-D4CB-4671-B425-40CD8EC32C52}.Release|x86.Build.0 = Release|Win32
		{98406897-5A89-4795-8DC5-32530399C16E}.Debug|x64.ActiveCfg = Debug|x64
		{98406897-5A89-4795-8DC5-32530399C16E}.Debug|x64.Build.0 = Debug|x64
		{98406897-5A89-4795-8DC5-32530399C16E}.Debug|x86.ActiveCfg = Debug|Win32
		{98406897-5A89-4795-8DC5-32530399C16E}.Debug|x86.Build.0 = Debug|Win32
		{98406897-5A89-4795-8DC5-32530399C16E}.Release|x64.ActiveCfg = Release|x64
		{98406897-5A89-4795-8DC5-32530399C16E}.Release|x64.Build.0 = Release|x64
		{98406897-5A89-4795-8DC5-32530399C16E}.Release|x86.ActiveCfg = Release|Win32
		{98406897-5A89-4795-8DC5-32530399C16E}.Release|x86.Build.0 = Release|Win32
		{69E88BDE-1C05-494F-9EB5-2BDFF139ECF2}.Debug|x64.ActiveCfg = Debug|x64
		{69E88BDE-1C05-494F-9EB5-2BDFF139ECF2}.Debug|x64.Build.0 = Debug|x64
		{69E88BDE-1C05-494F-9EB5-2BDFF139ECF2}.Debug|x86.ActiveCfg = Debug|Win32
		{69E88BDE-1C05-494F-9EB5-2BDFF139ECF2}.Debug|x86.Build.0 = Debug|Win32
		{69E88BDE-1C05-494F-9EB5-2BDFF139ECF2}.Release|x64.ActiveCfg = Release|x64
		{69E88BDE-1C05-494F-9EB5-2BDFF139ECF2}.Release|x64.Build.0 = Release|x64
		{69E88BDE-1C05-494F-9EB5-2BDFF139ECF2}.Release|x86.ActiveCfg = Release|Win32
		{69E88BDE-1C05-494F-9EB5-2BDFF139ECF2}.Release|x86.Build.0 = Release|Win32
		{F094CA46-0E4F-43B4-9057-49C73471CA94}.Debug|x64.ActiveCfg = Debug|x64
		{F094CA46-0E4F-43B4-9057-49C73471CA94}.Debug|x64.Build.0 = Debug|x64
		{F094CA46-0E4F-43B4-9057-49C73471CA94}.Debug|x86.ActiveCfg = Debug|Win32
		{F094CA46-0E4F-43B4-9057-49C73471CA94}.Debug|x86.Build.0 = Debug|Win32
		{F094CA46-0E4F-43B4-9057-49C73471CA94}.Release|x64.ActiveCfg = Release|x64
		{F094CA46-0E4F-43B4-9057-49C73471CA94}.Release|x64.Build.0 = Release|x64
		{F094CA46-0E4F-43B4-9057-49C73471CA94}.Release|x86.ActiveCfg = Release|Win32
		{F094CA46-0E4F-43B4-9057-49C73471CA94}.Release|x86.Build.0 = Release|Win32
		{CD51A74D-BD8B-491D-A8C7-5AE75CAECFC3}.Debug|x64.ActiveCfg = Debug|x64
		{CD51A74D-BD8B-491D-A8C7-5AE75CAECFC3}.Debug|x64.Build.0 = Debug|x64
		{CD51A74D-BD8B-491D-A8C7-5AE75CAECFC3}.Debug|x86.ActiveCfg = Debug|Win32
		{CD51A74D-BD8B-491D-A8C7-5AE75CAECFC3}.Debug|x86.Build.0 = Debug|Win32
		{CD51A74D-BD8B-491D-A8C7-5AE75CAECFC3}.Release|x64.ActiveCfg = Release|x64
		{CD51A74D-BD8B-491D-A8C7-5AE75CAECFC3}.Release|x64.Build.0 = Release|x64
		{CD51A74D-BD8B-491D-A8C7-5AE75CAECFC3}.Release|x86.ActiveCfg = Release|Win32
		{CD51A74D-BD8B-491D-A8C7-5AE75CAECFC3}.Release|x86.Build.0 = Release|Win32
		{CD6CCDAA-7FCA-4DCE-8C18-E862CBEAD196}.Debug|x64.ActiveCfg = Debug|x64
		{CD6CCDAA-7FCA-4DCE-8C18-E862CBEAD196}.Debug|x64.Build.0 = Debug|x64
		{CD6CCDAA-7FCA-4DCE-8C18-E862CBEAD196}.Debug|x86.ActiveCfg = Debug|Win32
		{CD6CCDAA-7FCA-4DCE-8C18-E862CBEAD196}.Debug|x86.Build.0 = Debug|Win32
		{CD6CCDAA-7FCA-4DCE-8C18-E862CBEAD196}.Release|x64.ActiveCfg = Release|x64
		{CD6CCDAA-7FCA-4DCE-8C18-E862CBEAD196}.Release|x64.Build.0 = Release|x64
		{CD6CCDAA-7FCA-4DCE-8C18-E862CBEAD196}.Release|x86.ActiveCfg = Release|Win32
		{CD6CCDAA-7FCA-4DCE-8C18-E862CBEAD196}.Release|x86.Build.0 = Release|Win32
		{88476A28-7421-4D66-B9C4-14736E80A4E8}.Debug|x64.ActiveCfg = Debug|x64
		{88476A28-7421-4D66-B9C4-14736E80A4E8}.Debug|x64.Build.0 = Debug|x64
		{88476A28-7421-4D66-B9C4-14736E80A4E8}.Debug|x86.ActiveCfg = Debug|Win32
		{88476A28-7421-4D66-B9C4-14736E80A4E8}.Debug|x86.Build.0 = Debug|Win32
		{88476A28-7421-4D66-B9C4-14736E80A4E8}.Release|x64.ActiveCfg = Release|x64
		{88476A28-7421-4D66-B9C4-14736E80A4E8}.Release|x64.Build.0 = Release|x64
		{88476A28-7421-4D66-B9C4-14736E80A4E8}.Release|x86.ActiveCfg = Release|Win32
		{88476A28-7421-4D66-B9C4-14736E80A4E8}.Release|x86.Build.0 = Release|Win32
		{3D700893-3881-4A04-8498-A9C0C7C5A49A}.Debug|x64.ActiveCfg = Debug|x64
		{3D700893-3881-4A04-8498-A9C0C7C5A49A}.Debug|x64.Build.0 = Debug|x64
		{3D700893-3881-4A04-8498-A9C0C7C5A49A}.Debug|x86.ActiveCfg = Debug|Win32
		{3D700893-3881-4A04-8498-A9C0C7C5A49A}.Debug|x86.Build.0 = Debug|Win32
		{3D700893-3881-4A04-8498-A9C0C7C5A49A}.Release|x64.ActiveCfg = Release|x64
		{3D700893-3881-4A04-8498-A9C0C7C5A49A}.Release|x64.Build.0 = Release|x64
		{3D700893-3881-4A04-8498-A9C0C7C5A49A}.Release|x86.ActiveCfg = Release|Win32
		{3D700893-3881-4A04-8498-A9C0C7C5A49A}.Release|x86.Build.0 = Release|Win32
		{5B7F22AC-CC47-4095-B55F-70720965E4A7}.Debug|x64.ActiveCfg = Debug|x64
		{5B7F22AC-CC47-4095-B55F-70720965E4A7}.Debug|x64.Build.0 = Debug|x64
		{5B7F22AC-CC47-4095-B55F-70720965E4A7}.Debug|x86.ActiveCfg = Debug|Win32
		{5B7F22AC-CC47-4095-B55F-70720965E4A7}.Debug|x86.Build.0 = Debug|Win32
		{5B7F22AC-CC47-4095-B55F-70720965E4A7}.Release|x64.ActiveCfg = Release|x64
		{5B7F22AC-CC47-4095-B55F-70720965E4A7}.Release|x64.Build.0 = Release|x64
		{5B7F22AC-CC47-4095-B55F-70720965E4A7}.Release|x86.ActiveCfg = Release|Win32
		{5B7F22AC-CC47-4095-B55F-70720965E4A7}.Release|x86.Build.0 = Release|Win32
		{0C1BFAE8-E604-406B-949F-52EB6B76AA86}.Debug|x64.ActiveCfg = Debug|x64
		{0C1BFAE8-E604-406B-949F-52EB6B76AA86}.Debug|x64.Build.0 = Debug|x64
		{0C1BFAE8-E604-406B-949F-52EB6B76AA86}.Debug|x86.ActiveCfg = Debug|Win32
		{0C1BFAE8-E604-406B-949F-52EB6B76AA86}.Debug|x86.Build.0 = Debug|Win32
		{0C1BFAE8-E604-406B-949F-52EB6B76AA86}.Release|x64.ActiveCfg = Release|x64
		{0C1BFAE8-E604-406B-949F-52EB6B76AA86}.Release|x64.Build.0 = Release|x64
		{0C1BFAE8-E604-406B-949F-52EB6B76AA86}.Release|x86.ActiveCfg = Release|Win32
		{0C1BFAE8-E604-406B-949F-52EB6B76AA86}.Release|x86.Build.0 = Release|Win32
		{57F1E79F-A163-4B4B-BAFA-CEC73D9914D5}.Debug|x64.ActiveCfg = Debug|x64
		{57F1E79F-A163-4B4B-BAFA-CEC73D9914D5}.Debug|x64.Build.0 = Debug|x64
		{57F1E79F-A163-4B4B-BAFA-CEC73D9914D5}.Debug|x86.ActiveCfg = Debug|Win32
		{57F1E79F-A163-4B4B-BAFA-CEC73D9914D5}.Debug|x86.Build.0 = Debug|Win32
		{57F1E79F-A163-4B4B-BAFA-CEC73D9914D5}.Release|x64.ActiveCfg = Release|x64
		{57F1E79F-A163-4B4B-BAFA-CEC73D9914D5}.Release|x64.Build.0 = Release|x64
		{57F1E79F-A163-4B4B-BAFA-CEC73D9914D5}.Release|x86.ActiveCfg = Release|Win32
		{57F1E79F-A163-4B4B-BAFA-CEC73D9914D5}.Release|x86.Build.0 = Release|Win32
		{30B6DC3D-FB36-4892-90DA-CBABC01486D3}.Debug|x64.ActiveCfg = Debug|x64
		{30B6DC3D-FB36-4892-90DA-CBABC01486D3}.Debug|x64.Build.0 = Debug|x64
		{30B6DC3D-FB36-4892-90DA-CBABC01486D3}.Debug|x86.ActiveCfg = Debug|Win32
		{30B6DC3D-FB36-4892-90DA-CBABC01486D3}.Debug|x86.Build.0 = Debug|Win32
		{30B6DC3D-FB36-4892-90DA-CBABC01486D3}.Release|x64.ActiveCfg = Release|x64
		{30B6DC3D-FB36-4892-90DA-CBABC01486D3}.Release|x64.Build.0 = Release|x64
		{30B6DC3D-FB36-4892-90DA-CBABC01486D3}.Release|x86.ActiveCfg = Release|Win32
		{30B6DC3D-FB36-4892-90DA-CBABC01486D3}.Release|x86.Build.0 = Release|Win32
		{253707DA-3EE6-4C86-817F-559D93CA10B2}.Debug|x64.ActiveCfg = Debug|x64
		{253707DA-3EE6-4C86-817F-559D93CA10B2}.Debug|x64.Build.0 = Debug|x64
		{253707DA-3EE6-4C86-817F-559D93CA10B2}.Debug|x86.ActiveCfg = Debug|Win32
		{253707DA-3EE6-4C86-817F-559D93CA10B2}.Debug|x86.Build.0 = Debug|Win32
		{253707DA-3EE6-4C86-817F-559D93CA10B2}.Release|x64.ActiveCfg = Release|x64
		{253707DA-3EE6-4C86-817F-559D93CA10B2}.Release|x64.Build.0 = Release|x64
		{253707DA-3EE6-4C86-817F-559D93CA10B2}.Release|x86.ActiveCfg = Release|Win32
		{253707DA-3EE6-4C86-817F-559D93CA10B2}.Release|x86.Build.0 = Release|Win32
		{51A590B0-67C2-46C8-99E6-A84500DE9C51}.Debug|x64.ActiveCfg = Debug|x64
		{51A590B0-67C2-46C8-99E6-A84500DE9C51}.Debug|x64.Build.0 = Debug|x64
		{51A590B0-67C2-46C8-99E6-A84500DE9C51}.Debug|x86.ActiveCfg = Debug|Win32
		{51A590B0-67C2-46C8-99E6-A84500DE9C51}.Debug|x86.Build.0 = Debug|Win32
		{51A590B0-67C2-46C8-99E6-A84500DE9C51}.Release|x64.ActiveCfg = Release|x64
		{51A590B0-67C2-46C8-99E6-A84500DE9C51}.Release|x64.Build.0 = Release|x64
		{51A590B0-67C2-46C8-99E6-A84500DE9C51}.Release|x86.ActiveCfg = Release|Win32
		{51A590B0-67C2-46C8-99E6-A84500DE9C51}.Release|x86.Build.0 = Release|Win32
		{64822B93-0C20-488D-92F2-E13816B09B90}.Debug|x64.ActiveCfg = Debug|x64
		{64822B93-0C20-488D-92F2-E13816B09B90}.Debug|x64.Build.0 = Debug|x64
		{64822B93-0C20-488D-92F2-E13816B09B90}.Debug|x86.ActiveCfg = Debug|Win32
		{64822B93-0C20-488D-92F2-E13816B09B90}.Debug|x86.Build.0 = Debug|Win32
		{64822B93-0C20-488D-92F2-E13816B09B90}.Release|x64.ActiveCfg = Release|x64
		{64822B93-0C20-488D-92F2-E13816B09B90}.Release|x64.Build.0 = Release|x64
		{64822B93-0C20-488D-92F2-E13816B09B90}.Release|x86.ActiveCfg = Release|Win32
		{64822B93-0C20-488D-92F2-E13816B09B90}.Release|x86.Build.0 = Release|Win32
		{A9856356-0AB4-4719-A6B9-15946842CF9E}.Debug|x64.ActiveCfg = Debug|x64
		{A9856356-0AB4-4719-A6B9-15946842CF9E}.Debug|x64.Build.0 = Debug|x64
		{A9856356-0AB4-4719-A6B9-15946842CF9E}.Debug|x86.ActiveCfg = Debug|Win32
		{A9856356-0AB4-4719-A6B9-15946842CF9E}.Debug|x86.Build.0 = Debug|Win32
		{A9856356-0AB4-4719-A6B9-15946842CF9E}.Release|x64.ActiveCfg = Release|x64
		{A9856356-0AB4-4719-A6B9-15946842CF9E}.Release|x64.Build.0 = Release|x64
		{A9856356-0AB4-4719-A6B9-15946842CF9E}.Release|x86.ActiveCfg = Release|Win32
		{A9856356-0AB4-4719-A6B9-15946842CF9E}.Release|x86.Build.0 = Release|Win32
		{52896052-2FC7-46DF-AA3D-54EE77EB508F}.Debug|x64.ActiveCfg = Debug|x64
		{52896052-2FC7-46DF-AA3D-54EE77EB508F}.Debug|x64.Build.0 = Debug|x64
		{52896052-2FC7-46DF-AA3D-54EE77EB508F}.Debug|x86.ActiveCfg = Debug|Win32
		{52896052-2FC7-46DF-AA3D-54EE77EB508F}.Debug|x86.Build.0 = Debug|Win32
		{52896052-2FC7-46DF-AA3D-54EE77EB508F}.Release|x64.ActiveCfg = Release|x64
		{52896052-2FC7-46DF-AA3D-54EE77EB508F}.Release|x64.Build.0 = Release|x64
		{52896052-2FC7-46DF-AA3D-54EE77EB508F}.Release|x86.ActiveCfg = Release|Win32
		{52896052-2FC7-46DF-AA3D-54EE77EB508F}.Release|x86.Build.0 = Release|Win32
		{6F9B0259-CB4A-44DD-8984-B850C79A828D}.Debug|x64.ActiveCfg = Debug|x64
		{6F9B0259-CB4A-44DD-8984-B850C79A828D}.Debug|x64.Build.0 = Debug|x64
		{6F9B0259-CB4A-44DD-8984-B850C79A828D}.Debug|x86.ActiveCfg = Debug|Win32
		{6F9B0259-CB4A-44DD-8984-B850C79A828D}.Debug|x86.Build.0 = Debug|Win32
		{6F9B0259-CB4A-44DD-8984-B850C79A828D}.Release|x64.ActiveCfg = Release|x64
		{6F9B0259-CB4A-44DD-8984-B850C79A828D}.Release|x64.Build.0 = Release|x64
		{6F9B0259-CB4A-44DD-8984-B850C79A828D}.Release|x86.ActiveCfg = Release|Win32
		{6F9B0259-CB4A-44DD-8984-B850C79A828D}.Release|x86.Build.0 = Release|Win32
		{DC7D2145-76BA-4665-8AB6-EE67904C7054}.Debug|x64.ActiveCfg = Debug|x64
		{DC7D2145-76BA-4665-8AB6-EE67904C7054}.Debug|x64.Build.0 = Debug|x64
		{DC7D2145-76BA-4665-8AB6-EE67904C7054}.Debug|x86.ActiveCfg = Debug|Win32
		{DC7D2145-76BA-4665-8AB6-EE67904C7054}.Debug|x86.Build.0 = Debug|Win32
		{DC7D2145-76BA-4665-8AB6-EE67904C7054}.Release|x64.ActiveCfg = Release|x64
		{DC7D2145-76BA-4665-8AB6-EE67904C7054}.Release|x64.Build.0 = Release|x64
		{DC7D2145-76BA-4665-8AB6-EE67904C7054}.Release|x86.ActiveCfg = Release|Win32
		{DC7D2145-76BA-4665-8AB6-EE67904C7054}.Release|x86.Build.0 = Release|Win32
		{076452D2-41D8-4CFD-A9BD-BAA2DA0CBA83}.Debug|x64.ActiveCfg = Debug|x64
		{076452D2-41D8-4CFD-A9BD-BAA2DA0CBA83}.Debug|x64.Build.0 = Debug|x64
		{076452D2-41D8-4CFD-A9BD-BAA2DA0CBA83}.Debug|x86.ActiveCfg = Debug|Win32
		{076452D2-41D8-4CFD-A9BD-BAA2DA0CBA83}.Debug|x86.Build.0 = Debug|Win32
		{076452D2-41D8-4CFD-A9BD-BAA2DA0CBA83}.Release|x64.ActiveCfg = Release|x64
		{076452D2-41D8-4CFD-A9BD-BAA2DA0CBA83}.Release|x64.Build.0 = Release|x64
		{076452D2-41D8-4CFD-A9BD-BAA2DA0CBA83}.Release|x86.ActiveCfg = Release|Win32
		{076452D2-41D8-4CFD-A9BD-BAA2DA0CBA83}.Release|x86.Build.0 = Release|Win32
		{9FB25324-6FD6-46F2-82E4-BB5652B22E33}.Debug|x64.ActiveCfg = Debug|x64
		{9FB25324-6FD6-46F2-82E4-BB5652B22E33}.Debug|x64.Build.0 = Debug|x64
		{9FB25324-6FD6-46F2-82E4-BB5652B22E33}.Debug|x86.ActiveCfg = Debug|Win32
		{9FB25324-6FD6-46F2-82E4-BB5652B22E33}.Debug|x86.Build.0 = Debug|Win32
		{9FB25324-6FD6-46F2-82E4-BB5652B22E33}.Release|x64.ActiveCfg = Release|x64
		{9FB25324-6FD6-46F2-82E4-BB5652B22E33}.Release|x64.Build.0 = Release|x64
		{9FB25324-6FD6-46F2-82E4-BB5652B22E33}.Release|x86.ActiveCfg = Release|Win32
		{9FB25324-6FD6-46F2-82E4-BB5652B22E33}.Release|x86.Build.0 = Release|Win32
		{5CFC04EE-E783-4FC3-9822-003D6281E963}.Debug|x64.ActiveCfg = Debug|x64
		{5CFC04EE-E783-4FC3-9822-003D6281E963}.Debug|x64.Build.0 = Debug|x64
		{5CFC04EE-E783-4FC3-9822-003D6281E963}.Debug|x86.ActiveCfg = Debug|Win32
		{5CFC04EE-E783-4FC3-9822-003D6281E963}.Debug|x86.Build.0 = Debug|Win32
		{5CFC04EE-E783-4FC3-9822-003D6281E963}.Release|x64.ActiveCfg = Release|x64
		{5CFC04EE-E783-4FC3-9822-003D6281E963}.Release|x64.Build.0 = Release|x64
		{5CFC04EE-E783-4FC3-9822-003D6281E963}.Release|x86.ActiveCfg = Release|Win32
		{5CFC04EE-E783-4FC3-9822-003D6281E963}.Release|x86.Build.0 = Release|Win32
		{93B212A6-921D-4B9E-9F77-AB6F0FDF86C4}.Debug|x64.ActiveCfg = Debug|x64
		{93B212A6-921D-4B9E-9F77-AB6F0FDF86C4}.Debug|x64.Build.0 = Debug|x64
		{93B212A6-921D-4B9E-9F77-AB6F0FDF86C4}.Debug|x86.ActiveCfg = Debug|Win32
		{93B212A6-921D-4B9E-9F77-AB6F0FDF86C4}.Debug|x86.Build.0 = Debug|Win32
		{93B212A6-921D-4B9E-9F77-AB6F0FDF86C4}.Release|x64.ActiveCfg = Release|x64
		{93B212A6-921D-4B9E-9F77-AB6F0FDF86C4}.Release|x64.Build.0 = Release|x64
		{93B212A6-921D-4B9E-9F77-AB6F0FDF86C4}.Release|x86.ActiveCfg = Release|Win32
		{93B212A6-921D-4B9E-9F77-AB6F0FDF86C4}.Release|x86.Build.0 = Release|Win32
		{4555E304-5522-4C4B-A14A-0E6792B676BF}.Debug|x64.ActiveCfg = Debug|x64
		{4555E304-5522-4C4B-A14A-0E6792B676BF}.Debug|x64.Build.0 = Debug|x64
		{4555E304-5522-4C4B-A14A-0E6792B676BF}.Debug|x86.ActiveCfg = Debug|Win32
		{4555E304-5522-4C4B-A14A-0E6792B676BF}.Debug|x86.Build.0 = Debug|Win32
		{4555E304-5522-4C4B-A14A-0E6792B676BF}.Release|x64.ActiveCfg = Release|x64
		{4555E304-5522-4C4B-A14A-0E6792B676BF}.Release|x64.Build.0 = Release|x64
		{4555E304-5522-4C4B-A14A-0E6792B676BF}.Release|x86.ActiveCfg = Release|Win32
		{4555E304-5522-4C4B-A14A-0E6792B676BF}.Release|x86.Build.0 = Release|Win32
		{D28B2964-F488-4D8A-ABAF-7FC3D15BBB23}.Debug|x64.ActiveCfg = Debug|x64
		{D28B2964-F488-4D8A-ABAF-7FC3D15BBB23}.Debug|x64.Build.0 = Debug|x64
		{D28B2964-F488-4D8A-ABAF-7FC3D15BBB23}.Debug|x86.ActiveCfg = Debug|Win32
		{D28B2964-F488-4D8A-ABAF-7FC3D15BBB23}.Debug|x86.Build.0 = Debug|Win32
		{D28B2964-F488-4D8A-ABAF-7FC3D15BBB23}.Release|x64.ActiveCfg = Release|x64
		{D28B2964-F488-4D8A-ABAF-7FC3D15BBB23}.Release|x64.Build.0 = Release|x64
		{D28B2964-F488-4D8A-ABAF-7FC3D15BBB23}.Release|x86.ActiveCfg = Release|Win32
		{D28B2964-F488-4D8A-ABAF-7FC3D15BBB23}.Release|x86.Build.0 = Release|Win32
		{EFF9A03C-43A7-4399-9649-58E27F9A33D8}.Debug|x64.ActiveCfg = Debug|x64
		{EFF9A03C-43A7-4399-9649-58E27F9A33D8}.Debug|x64.Build.0 = Debug|x64
		{EFF9A03C-43A7-4399-9649-58E27F9A33D8}.Debug|x86.ActiveCfg = Debug|Win32
		{EFF9A03C-43A7-4399-9649-58E27F9A33D8}.Debug|x86.Build.0 = Debug|Win32
		{EFF9A03C-43A7-4399-9649-58E27F9A33D8}.Release|x64.ActiveCfg = Release|x64
		{EFF9A03C-43A7-4399-9649-58E27F9A33D8}.Release|x64.Build.0 = Release|x64
		{EFF9A03C-43A7-4399-9649-58E27F9A33D8}.Release|x86.ActiveCfg = Release|Win32
		{EFF9A03C-43A7-4399-9649-58E27F9A33D8}.Release|x86.Build.0 = Release|Win32
		{0FC985E3-0AB1-4863-B46A-9F296DBB81CB}.Debug|x64.ActiveCfg = Debug|x64
		{0FC985E3-0AB1-4863-B46A-9F296DBB81CB}.Debug|x64.Build.0 = Debug|x64
		{0FC985E3-0AB1-4863-B46A-9F296DBB81CB}.Debug|x86.ActiveCfg = Debug|Win32
		{0FC985E3-0AB1-4863-B46A-9F296DBB81CB}.Debug|x86.Build.0 = Debug|Win32
		{0FC985E3-0AB1-4863-B46A-9F296DBB81CB}.Release|x64.ActiveCfg = Release|x64
		{0FC985E3-0AB1-4863-B46A-9F296DBB81CB}.Release|x64.Build.0 = Release|x64
		{0FC985E3-0AB1-4863-B46A-9F296DBB81CB}.Release|x86.ActiveCfg = Release|Win32
		{0FC985E3-0AB1-4863-B46A-9F296DBB81CB}.Release|x86.Build.0 = Release|Win32
		{CB6EACD5-8D3B-47AF-A689-1E22A328708B}.Debug|x64.ActiveCfg = Debug|x64
		{CB6EACD5-8D3B-47AF-A689-1E22A328708B}.Debug|x64.Build.0 = Debug|x64
		{CB6EACD5-8D3B-47AF-A689-1E22A328708B}.Debug|x86.ActiveCfg = Debug|Win32
		{CB6EACD5-8D3B-47AF-A689-1E22A328708B}.Debug|x86.Build.0 = Debug|Win32
		{CB6EACD5-8D3B-47AF-A689-1E22A328708B}.Release|x64.ActiveCfg = Release|x64
		{CB6EACD5-8D3B-47AF-A689-1E22A328708B}.Release|x64.Build.0 = Release|x64
		{CB6EACD5-8D3B-47AF-A689-1E22A328708B}.Release|x86.ActiveCfg = Release|Win32
		{CB6EACD5-8D3B-47AF-A689-1E22A328708B}.Release|x86.Build.0 = Release|Win32
		{02D88939-F414-407A-8A32-A0D99B87F773}.Debug|x64.ActiveCfg = Debug|x64
		{02D88939-F414-407A-8A32-A0D99B87F773}.Debug|x64.Build.0 = Debug|x64
		{02D88939-F414-407A-8A32-A0D99B87F773}.Debug|x86.ActiveCfg = Debug|Win32
		{02D88939-F414-407A-8A32-A0D99B87F773}.Debug|x86.Build.0 = Debug|Win32
		{02D88939-F414-407A-8A32-A0D99B87F773}.Release|x64.ActiveCfg = Release|x64
		{02D88939-F414-407A-8A32-A0D99B87F773}.Release|x64.Build.0 = Release|x64
		{02D88939-F414-407A-8A32-A0D99B87F773}.Release|x86.ActiveCfg = Release|Win32
		{02D88939-F414-407A-8A32-A0D99B87F773}.Release|x86.Build.0 = Release|Win32
		{CBEC4D5E-F114-4193-BA46-3B8179F8B62F}.Debug|x64.ActiveCfg = Debug|x64
		{CBEC4D5E-F114-4193-BA46-3B8179F8B62F}.Debug|x64.Build.0 = Debug|x64
		{CBEC4D5E-F114-4193-BA46-3B8179F8B62F}.Debug|x86.ActiveCfg = Debug|Win32
		{CBEC4D5E-F114-4193-BA46-3B8179F8B62F}.Debug|x86.Build.0 = Debug|Win32
		{CBEC4D5E-F114-4193-BA46-3B8179F8B62F}.Release|x64.ActiveCfg = Release|x64
		{CBEC4D5E-F114-4193-BA46-3B8179F8B62F}.Release|x64.Build.0 = Release|x64
		{CBEC4D5E-F114-4193-BA46-3B8179F8B62F}.Release|x86.ActiveCfg = Release|Win32
		{CBEC4D5E-F114-4193-BA46-3B8179F8B62F}.Release|x86.Build.0 = Release|Win32
		{0A9F1222-676D-4BEC-A566-E8B068B5012F}.Debug|x64.ActiveCfg = Debug|x64
		{0A9F1222-676D-4BEC-A566-E8B068B5012F}.Debug|x64.Build.0 = Debug|x64
		{0A9F1222-676D-4BEC-A566-E8B068B5012F}.Debug|x86.ActiveCfg = Debug|Win32
		{0A9F1222-676D-4BEC-A566-E8B068B5012F}.Debug|x86.Build.0 = Debug|Win32
		{0A9F1222-676D-4BEC-A566-E8B068B5012F}.Release|x64.ActiveCfg = Release|x64
		{0A9F1222-676D-4BEC-A566-E8B068B5012F}.Release|x64.Build.0 = Release|x64
		{0A9F1222-676D-4BEC-A566-E8B068B5012F}.Release|x86.ActiveCfg = Release|Win32
		{0A9F1222-676D-4BEC-A566-E8B068B5012F}.Release|x86.Build.0 = Release|Win32
		{5F83E73C-F2B6-4C11-893B-9ED29F0071FC}.Debug|x64.ActiveCfg = Debug|x64
		{5F83E73C-F2B6-4C11-893B-9ED29F0071FC}.Debug|x64.Build.0 = Debug|x64
		{5F83E73C-F2B6-4C11-893B-9ED29F0071FC}.Debug|x86.ActiveCfg = Debug|Win32
		{5F83E73C-F2B6-4C11-893B-9ED29F0071FC}.Debug|x86.Build.0 = Debug|Win32
		{5F83E73C-F2B6-4C11-893B-9ED29F0071FC}.Release|x64.ActiveCfg = Release|x64
		{5F83E73C-F2B6-4C11-893B-9ED29F0071FC}.Release|x64.Build.0 = Release|x64
		{5F83E73C-F2B6-4C11-893B-9ED29F0071FC}.Release|x86.ActiveCfg = Release|Win32
		{5F83E73C-F2B6-4C11-893B-9ED29F0071FC}.Release|x86.Build.0 = Release|Win32
		{E3E37BC4-1BB2-46BE-86B5-7BDE79DF1ED0}.Debug|x64.ActiveCfg = Debug|x64
		{E3E37BC4-1BB2-46BE-86B5-7BDE79DF1ED0}.Debug|x64.Build.0 = Debug|x64
		{E3E37BC4-1BB2-46BE-86B5-7BDE79DF1ED0}.Debug|x86.ActiveCfg = Debug|Win32
		{E3E37BC4-1BB2-46BE-86B5-7BDE79DF1ED0}.Debug|x86.Build.0 = Debug|Win32
		{E3E37BC4-1BB2-46BE-86B5-7BDE79DF1ED0}.Release|x64.ActiveCfg = Release|x64
		{E3E37BC4-1BB2-46BE-86B5-7BDE79DF1ED0}.Release|x64.Build.0 = Release|x64
		{E3E37BC4-1BB2-46BE-86B5-7BDE79DF1ED0}.Release|x86.ActiveCfg = Release|Win32
		{E3E37BC4-1BB2-46BE-86B5-7BDE79DF1ED0}.Release|x86.Build.0 = Release|Win32
		{F9E9E693-CDEA-4898-97AF-BAE748D40CB4}.Debug|x64.ActiveCfg = Debug|x64
		{F9E9E693-CDEA-4898-97AF-BAE748D40CB4}.Debug|x64.Build.0 = Debug|x64
		{F9E9E693-CDEA-4898-97AF-BAE748D40CB4}.Debug|x86.ActiveCfg = Debug|Win32
		{F9E9E693-CDEA-4898-97AF-BAE748D40CB4}.Debug|x86.Build.0 = Debug|Win32
		{F9E9E693-CDEA-4898-97AF-BAE748D40CB4}.Release|x64.ActiveCfg = Release|x64
		{F9E9E693-CDEA-4898-97AF-BAE748D40CB4}.Release|x64.Build.0 = Release|x64
		{F9E9E693-CDEA-4898-97AF-BAE748D40CB4}.Release|x86.ActiveCfg = Release|Win32
		{F9E9E693-CDEA-4898-97AF-BAE748D40CB4}.Release|x86.Build.0 = Release|Win32
		{A8CB202D-45A6-42FF-A682-B2CBEF3E2A83}.Debug|x64.ActiveCfg = Debug|x64
		{A8CB202D-45A6-42FF-A682-B2CBEF3E2A83}.Debug|x64.Build.0 = Debug|x64
		{A8CB202D-45A6-42FF-A682-B2CBEF3E2A83}.Debug|x86.ActiveCfg = Debug|Win32
		{A8CB202D-45A6-42FF-A682-B2CBEF3E2A83}.Debug|x86.Build.0 = Debug|Win32
		{A8CB202D-45A6-42FF-A682-B2CBEF3E2A83}.Release|x64.ActiveCfg = Release|x64
		{A8CB202D-45A6-42FF-A682-B2CBEF3E2A83}.Release|x64.Build.0 = Release|x64
		{A8CB202D-45A6-42FF-A682-B2CBEF3E2A83}.Release|x86.ActiveCfg = Release|Win32
		{A8CB202D-45A6-42FF-A682-B2CBEF3E2A83}.Release|x86.Build.0 = Release|Win32
		{B442CD8F-DFB8-420A-AEF0-2CC3259880D9}.Debug|x64.ActiveCfg = Debug|x64
		{B442CD8F-DFB8-420A-AEF0-2CC3259880D9}.Debug|x64.Build.0 = Debug|x64
		{B442CD8F-DFB8-420A-AEF0-2CC3259880D9}.Debug|x86.ActiveCfg = Debug|Win32
		{B442CD8F-DFB8-420A-AEF0-2CC3259880D9}.Debug|x86.Build.0 = Debug|Win32
		{B442CD8F-DFB8-420A-AEF0-2CC3259880D9}.Release|x64.ActiveCfg = Release|x64
		{B442CD8F-DFB8-420A-AEF0-2CC3259880D9}.Release|x64.Build.0 = Release|x64
		{B442CD8F-DFB8-420A-AEF0-2CC3259880D9}.Release|x86.ActiveCfg = Release|Win32
		{B442CD8F-DFB8-420A-AEF0-2CC3259880D9}.Release|x86.Build.0 = Release|Win32
		{0505B8E9-32A7-4D06-B8B8-E0E8C291BDB4}.Debug|x64.ActiveCfg = Debug|x64
		{0505B8E9-32A7-4D06-B8B8-E0E8C291BDB4}.Debug|x64.Build.0 = Debug|x64
		{0505B8E9-32A7-4D06-B8B8-E0E8C291BDB4}.Debug|x86.ActiveCfg = Debug|Win32
		{0505B8E9-32A7-4D06-B8B8-E0E8C291BDB4}.Debug|x86.Build.0 = Debug|Win32
		{0505B8E9-32A7-4D06-B8B8-E0E8C291BDB4}.Release|x64.ActiveCfg = Release|x64
		{0505B8E9-32A7-4D06-B8B8-E0E8C291BDB4}.Release|x64.Build.0 = Release|x64
		{0505B8E9-32A7-4D06-B8B8-E0E8C291BDB4}.Release|x86.ActiveCfg = Release|Win32
		{0505B8E9-32A7-4D06-B8B8-E0E8C291BDB4}.Release|x86.Build.0 = Release|Win32
		{86857EFC-BFB5-4D3E-B07F-95950358A9C5}.Debug|x64.ActiveCfg = Debug|x64
		{86857EFC-BFB5-4D3E-B07F-95950358A9C5}.Debug|x64.Build.0 = Debug|x64
		{86857EFC-BFB5-4D3E-B07F-95950358A9C5}.Debug|x86.ActiveCfg = Debug|Win32
		{86857EFC-BFB5-4D3E-B07F-95950358A9C5}.Debug|x86.Build.0 = Debug|Win32
		{86857EFC-BFB5-4D3E-B07F-95950358A9C5}.Release|x64.ActiveCfg = Release|x64
		{86857EFC-BFB5-4D3E-B07F-95950358A9C5}.Release|x64.Build.0 = Release|x64
		{86857EFC-BFB5-4D3E-B07F-95950358A9C5}.Release|x86.ActiveCfg = Release|Win32
		{86857EFC-BFB5-4D3E-B07F-95950358A9C5}.Release|x86.Build.0 = Release|Win32
		{4C0F42FC-E5D1-4C1B-B641-5D038CBEEB49}.Debug|x64.ActiveCfg = Debug|x64
		{4C0F42FC-E5D1-4C1B-B641-5D038CBEEB49}.Debug|x64.Build.0 = Debug|x64
		{4C0F42FC-E5D1-4C1B-B641-5D038CBEEB49}.Debug|x86.ActiveCfg = Debug|Win32
		{4C0F42FC-E5D1-4C1B-B641-5D038CBEEB49}.Debug|x86.Build.0 = Debug|Win32
		{4C0F42FC-E5D1-4C1B-B641-5D038CBEEB49}.Release|x64.ActiveCfg = Release|x64
		{4C0F42FC-E5D1-4C1B-B641-5D038CBEEB49}.Release|x64.Build.0 = Release|x64
		{4C0F42FC-E5D1-4C1B-B641-5D038CBEEB49}.Release|x86.ActiveCfg = Release|Win32
		{4C0F42FC-E5D1-4C1B-B641-5D038CBEEB49}.Release|x86.Build.0 = Release|Win32
		{588A4340-89CB-4531-80AA-240CB44AF868}.Debug|x64.ActiveCfg = Debug|x64
		{588A4340-89CB-4531-80AA-240CB44AF868}.Debug|x64.Build.0 = Debug|x64
		{588A4340-89CB-4531-80AA-240CB44AF868}.Debug|x86.ActiveCfg = Debug|Win32
		{588A4340-89CB-4531-80AA-240CB44AF868}.Debug|x86.Build.0 = Debug|Win32
		{588A4340-89CB-4531-80AA-240CB44AF868}.Release|x64.ActiveCfg = Release|x64
		{588A4340-89CB-4531-80AA-240CB44AF868}.Release|x64.Build.0 = Release|x64
		{588A4340-89CB-4531-80AA-240CB44AF868}.Release|x86.ActiveCfg = Release|Win32
		{588A4340-89CB-4531-80AA-240CB44AF868}.Release|x86.Build.0 = Release|Win32
		{0849AB5B-F598-4BFA-9CEB-E3AA63AD3B28}.Debug|x64.ActiveCfg = Debug|x64
		{0849AB5B-F598-4BFA-9CEB-E3AA63AD3B28}.Debug|x64.Build.0 = Debug|x64
		{0849AB5B-F598-4BFA-9CEB-E3AA63AD3B28}.Debug|x86.ActiveCfg = Debug|Win32
		{0849AB5B-F598-4BFA-9CEB-E3AA63AD3B28}.Debug|x86.Build.0 = Debug|Win32
		{0849AB5B-F598-4BFA-9CEB-E3AA63AD3B28}.Release|x64.ActiveCfg = Release|x64
		{0849AB5B-F598-4BFA-9CEB-E3AA63AD3B28}.Release|x64.Build.0 = Release|x64
		{0849AB5B-F598-4BFA-9CEB-E3AA63AD3B28}.Release|x86.ActiveCfg = Release|Win32
		{0849AB5B-F598-4BFA-9CEB-E3AA63AD3B28}.Release|x86.Build.0 = Release|Win32
		{D3805123-7FE3-4030-A413-822C34257023}.Debug|x64.ActiveCfg = Debug|x64
		{D3805123-7FE3-4030-A413-822C34257023}.Debug|x64.Build.0 = Debug|x64
		{D3805123-7FE3-4030-A413-822C34257023}.Debug|x86.ActiveCfg = Debug|Win32
		{D3805123-7FE3-4030-A413-822C34257023}.Debug|x86.Build.0 = Debug|Win32
		{D3805123-7FE3-4030-A413-822C34257023}.Release|x64.ActiveCfg = Release|x64
		{D3805123-7FE3-4030-A413-822C34257023}.Release|x64.Build.0 = Release|x64
		{D3805123-7FE3-4030-A413-822C34257023}.Release|x86.ActiveCfg = Release|Win32
		{D3805123-7FE3-4030-A413-822C34257023}.Release|x86.Build.0 = Release|Win32
		{B6FDF50B-7A88-4459-92B3-276AC9CC24F7}.Debug|x64.ActiveCfg = Debug|x64
		{B6FDF50B-7A88-4459-92B3-276AC9CC24F7}.Debug|x64.Build.0 = Debug|x64
		{B6FDF50B-7A88-4459-92B3-276AC9CC24F7}.Debug|x86.ActiveCfg = Debug|Win32
		{B6FDF50B-7A88-4459-92B3-276AC9CC24F7}.Debug|x86.Build.0 = Debug|Win32
		{B6FDF50B-7A88-4459-92B3-276AC9CC24F7}.Release|x64.ActiveCfg = Release|x64
		{B6FDF50B-7A88-4459-92B3-276AC9CC24F7}.Release|x64.Build.0 = Release|x64
		{B6FDF50B-7A88-4459-92B3-276AC9CC24F7}.Release|x86.ActiveCfg = Release|Win32
		{B6FDF50B-7A88-4459-92B3-276AC9CC24F7}.Release|x86.Build.0 = Release|Win32
		{62D79B18-7236-45CD-B6ED-6055CFE230B3}.Debug|x64.ActiveCfg = Debug|x64
		{62D79B18-7236-45CD-B6ED-6055CFE230B3}.Debug|x64.Build.0 = Debug|x64
		{62D79B18-7236-45CD-B6ED-6055CFE230B3}.Debug|x86.ActiveCfg = Debug|Win32
		{62D79B18-7236-45CD-B6ED-6055CFE230B3}.Debug|x86.Build.0 = Debug|Win32
		{62D79B18-7236-45CD-B6ED-6055CFE230B3}.Release|x64.ActiveCfg = Release|x64
		{62D79B18-7236-45CD-B6ED-6055CFE230B3}.Release|x64.Build.0 = Release|x64
		{62D79B18-7236-45CD-B6ED-6055CFE230B3}.Release|x86.ActiveCfg = Release|Win32
		{62D79B18-7236-45CD-B6ED-6055CFE230B3}.Release|x86.Build.0 = Release|Win32
		{0D7FD1E1-BACD-4C9D-AAE6-6AA54D1DE1D5}.Debug|x64.ActiveCfg = Debug|x64
		{0D7FD1E1-BACD-4C9D-AAE6-6AA54D1DE1D5}.Debug|x64.Build.0 = Debug|x64
		{0D7FD1E1-BACD-4C9D-AAE6-6AA54D1DE1D5}.Debug|x86.ActiveCfg = Debug|Win32
		{0D7FD1E1-BACD-4C9D-AAE6-6AA54D1DE1D5}.Debug|x86.Build.0 = Debug|Win32
		{0D7FD1E1-BACD-4C9D-AAE6-6AA54D1DE1D5}.Release|x64.ActiveCfg = Release|x64
		{0D7FD1E1-BACD-4C9D-AAE6-6AA54D1DE1D5}.Release|x64.Build.0 = Release|x64
		{0D7FD1E1-BACD-4C9D-AAE6-6AA54D1DE1D5}.Release|x86.ActiveCfg = Release|Win32
		{0D7FD1E1-BACD-4C9D-AAE6-6AA54D1DE1D5}.Release|x86.Build.0 = Release|Win32
		{30CB8D17-DF78-4A6B-80DF-FD21996256D7}.Debug|x64.ActiveCfg = Debug|x64
		{30CB8D17-DF78-4A6B-80DF-FD21996256D7}.Debug|x64.Build.0 = Debug|x64
		{30CB8D17-DF78-4A6B-80DF-FD21996256D7}.Debug|x86.ActiveCfg = Debug|Win32
		{30CB8D17-DF78-4A6B-80DF-FD21996256D7}.Debug|x86.Build.0 = Debug|Win32
		{30CB8D17-DF78-4A6B-80DF-FD21996256D7}.Release|x64.ActiveCfg = Release|x64
		{30CB8D17-DF78-4A6B-80DF-FD21996256D7}.Release|x64.Build.0 = Release|x64
		{30CB8D17-DF78-4A6B-80DF-FD21996256D7}.Release|x86.ActiveCfg = Release|Win32
		{30CB8D17-DF78-4A6B-80DF-FD21996256D7}.Release|x86.Build.0 = Release|Win32
		{7F9936CE-096B-4CF2-83D9-39ACA0C336E5}.Debug|x64.ActiveCfg = Debug|x64
		{7F9936CE-096B-4CF2-83D9-39ACA0C336E5}.Debug|x64.Build.0 = Debug|x64
		{7F9936CE-096B-4CF2-83D9-39ACA0C336E5}.Debug|x86.ActiveCfg = Debug|Win32
		{7F9936CE-096B-4CF2-83D9-39ACA0C336E5}.Debug|x86.Build.0 = Debug|Win32
		{7F9936CE-096B-4CF2-83D9-39ACA0C336E5}.Release|x64.ActiveCfg = Release|x64
		{7F9936CE-096B-4CF2-83D9-39ACA0C336E5}.Release|x64.Build.0 = Release|x64
		{7F9936CE-096B-4CF2-83D9-39ACA0C336E5}.Release|x86.ActiveCfg = Release|Win32
		{7F9936CE-096B-4CF2-83D9-39ACA0C336E5}.Release|x86.Build.0 = Release|Win32
		{90C49E18-92F8-4A4F-8ABF-1B5111E31757}.Debug|x64.ActiveCfg = Debug|x64
		{90C49E18-92F8-4A4F-8ABF-1B5111E31757}.Debug|x64.Build.0 = Debug|x64
		{90C49E18-92F8-4A4F-8ABF-1B5111E31757}.Debug|x86.ActiveCfg = Debug|Win32
		{90C49E18-92F8-4A4F-8ABF-1B5111E31757}.Debug|x86.Build.0 = Debug|Win32
		{90C49E18-92F8-4A4F-8ABF-1B5111E31757}.Release|x64.ActiveCfg = Release|x64
		{90C49E18-92F8-4A4F-8ABF-1B5111E31757}.Release|x64.Build.0 = Release|x64
		{90C49E18-92F8-4A4F-8ABF-1B5111E31757}.Release|x86.ActiveCfg = Release|Win32
		{90C49E18-92F8-4A4F-8ABF-1B5111E31757}.Release|x86.Build.0 = Release|Win32
		{6D6A2127-C007-42EA-B7D3-094FD1DF063A}.Debug|x64.ActiveCfg = Debug|x64
		{6D6A2127-C007-42EA-B7D3-094FD1DF063A}.Debug|x64.Build.0 = Debug|x64
		{6D6A2127-C007-42EA-B7D3-094FD1DF063A}.Debug|x86.ActiveCfg = Debug|Win32
		{6D6A2127-C007-42EA-B7D3-094FD1DF063A}.Debug|x86.Build.0 = Debug|Win32
		{6D6A2127-C007-42EA-B7D3-094FD1DF063A}.Release|x64.ActiveCfg = Release|x64
		{6D6A2127-C007-42EA-B7D3-094FD1DF063A}.Release|x64.Build.0 = Release|x64
		{6D6A2127-C007-42EA-B7D3-094FD1DF063A}.Release|x86.ActiveCfg = Release|Win32
		{6D6A2127-C007-42EA-B7D3-094FD1DF063A}.Release|x86.Build.0 = Release|Win32
		{5FCB9A2B-D746-4AA0-A61D-A120D999823F}.Debug|x64.ActiveCfg = Debug|x64
		{5FCB9A2B-D746-4AA0-A61D-A120D999823F}.Debug|x64.Build.0 = Debug|x64
		{5FCB9A2B-D746-4AA0-A61D-A120D999823F}.Debug|x86.ActiveCfg = Debug|Win32
		{5FCB9A2B-D746-4AA0-A61D-A120D999823F}.Debug|x86.Build.0 = Debug|Win32
		{5FCB9A2B-D746-4AA0-A61D-A120D999823F}.Release|x64.ActiveCfg = Release|x64
		{5FCB9A2B-D746-4AA0-A61D-A120D999823F}.Release|x64.Build.0 = Release|x64
		{5FCB9A2B-D746-4AA0-A61D-A120D999823F}.Release|x86.ActiveCfg = Release|Win32
		{5FCB9A2B-D746-4AA0-A61D-A120D999823F}.Release|x86.Build.0 = Release|Win32
		{DED655B9-2F44-437A-93AA-2890C89BA3EE}.Debug|x64.ActiveCfg = Debug|x64
		{DED655B9-2F44-437A-93AA-2890C89BA3EE}.Debug|x64.Build.0 = Debug|x64
		{DED655B9-2F44-437A-93AA-2890C89BA3EE}.Debug|x86.ActiveCfg = Debug|Win32
		{DED655B9-2F44-437A-93AA-2890C89BA3EE}.Debug|x86.Build.0 = Debug|Win32
		{DED655B9-2F44-437A-93AA-2890C89BA3EE}.Release|x64.ActiveCfg = Release|x64
		{DED655B9-2F44-437A-93AA-2890C89BA3EE}.Release|x64.Build.0 = Release|x64
		{DED655B9-2F44-437A-93AA-2890C89BA3EE}.Release|x86.ActiveCfg = Release|Win32
		{DED655B9-2F44-437A-93AA-2890C89BA3EE}.Release|x86.Build.0 = Release|Win32
		{22730138-AA61-4FF3-BC74-53BA156B3CB5}.Debug|x64.ActiveCfg = Debug|x64
		{22730138-AA61-4FF3-BC74-53BA156B3CB5}.Debug|x64.Build.0 = Debug|x64
		{22730138-AA61-4FF3-BC74-53BA156B3CB5}.Debug|x86.ActiveCfg = Debug|Win32
		{22730138-AA61-4FF3-BC74-53BA156B3CB5}.Debug|x86.Build.0 = Debug|Win32
		{22730138-AA61-4FF3-BC74-53BA156B3CB5}.Release|x64.ActiveCfg = Release|x64
		{22730138-AA61-4FF3-BC74-53BA156B3CB5}.Release|x64.Build.0 = Release|x64
		{22730138-AA61-4FF3-BC74-53BA156B3CB5}.Release|x86.ActiveCfg = Release|Win32
		{22730138-AA61-4FF3-BC74-53BA156B3CB5}.Release|x86.Build.0 = Release|Win32
		{BEDEC676-EB4B-4852-A682-1C727F94068B}.Debug|x64.ActiveCfg = Debug|x64
		{BEDEC676-EB4B-4852-A682-1C727F94068B}.Debug|x64.Build.0 = Debug|x64
		{BEDEC676-EB4B-4852-A682-1C727F94068B}.Debug|x86.ActiveCfg = Debug|Win32
		{BEDEC676-EB4B-4852-A682-1C727F94068B}.Debug|x86.Build.0 = Debug|Win32
		{BEDEC676-EB4B-4852-A682-1C727F94068B}.Release|x64.ActiveCfg = Release|x64
		{BEDEC676-EB4B-4852-A682-1C727F94068B}.Release|x64.Build.0 = Release|x64
		{BEDEC676-EB4B-4852-A682-1C727F94068B}.Release|x86.ActiveCfg = Release|Win32
		{BEDEC676-EB4B-4852-A682-1C727F94068B}.Release|x86.Build.0 = Release|Win32
		{2789EDE8-2A52-4447-91D5-207D2145CFD1}.Debug|x64.ActiveCfg = Debug|x64
		{2789EDE8-2A52-4447-91D5-207D2145CFD1}.Debug|x64.Build.0 = Debug|x64
		{2789EDE8-2A52-4447-91D5-207D2145CFD1}.Debug|x86.ActiveCfg = Debug|Win32
		{2789EDE8-2A52-4447-91D5-207D2145CFD1}.Debug|x86.Build.0 = Debug|Win32
		{2789EDE8-2A52-4447-91D5-207D2145CFD1}.Release|x64.ActiveCfg = Release|x64
		{2789EDE8-2A52-4447-91D5-207D2145CFD1}.Release|x64.Build.0 = Release|x64
		{2789EDE8-2A52-4447-91D5-207D2145CFD1}.Release|x86.ActiveCfg = Release|Win32
		{2789EDE8-2A52-4447-91D5-207D2145CFD1}.Release|x86.Build.0 = Release|Win32
		{CB3272B3-E009-458F-B198-C0BDA305908A}.Debug|x64.ActiveCfg = Debug|x64
		{CB3272B3-E009-458F-B198-C0BDA305908A}.Debug|x64.Build.0 = Debug|x64
		{CB3272B3-E009-458F-B198-C0BDA305908A}.Debug|x86.ActiveCfg = Debug|Win32
		{CB3272B3-E009-458F-B198-C0BDA305908A}.Debug|x86.Build.0 = Debug|Win32
		{CB3272B3-E009-458F-B198-C0BDA305908A}.Release|x64.ActiveCfg = Release|x64
		{CB3272B3-E009-458F-B198-C0BDA305908A}.Release|x64.Build.0 = Release|x64
		{CB3272B3-E009-458F-B198-C0BDA305908A}.Release|x86.ActiveCfg = Release|Win32
		{CB3272B3-E009-458F-B198-C0BDA305908A}.Release|x86.Build.0 = Release|Win32
		{279B23C5-1B11-40AE-8E59-34454434C4C7}.Debug|x64.ActiveCfg = Debug|x64
		{279B23C5-1B11-40AE-8E59-34454434C4C7}.Debug|x64.Build.0 = Debug|x64
		{279B23C5-1B11-40AE-8E59-34454434C4C7}.Debug|x86.ActiveCfg = Debug|Win32
		{279B23C5-1B11-40AE-8E59-34454434C4C7}.Debug|x86.Build.0 = Debug|Win32
		{279B23C5-1B11-40AE-8E59-34454434C4C7}.Release|x64.ActiveCfg = Release|x64
		{279B23C5-1B11-40AE-8E59-34454434C4C7}.Release|x64.Build.0 = Release|x64
		{279B23C5-1B11-40AE-8E59-34454434C4C7}.Release|x86.ActiveCfg = Release|Win32
		{279B23C5-1B11-40AE-8E59-34454434C4C7}.Release|x86.Build.0 = Release|Win32
		{20F139D1-AE57-4643-9ED6-386A7AD2AB93}.Debug|x64.ActiveCfg = Debug|x64
		{20F139D1-AE57-4643-9ED6-386A7AD2AB93}.Debug|x64.Build.0 = Debug|x64
		{20F139D1-AE57-4643-9ED6-386A7AD2AB93}.Debug|x86.ActiveCfg = Debug|Win32
		{20F139D1-AE57-4643-9ED6-386A7AD2AB93}.Debug|x86.Build.0 = Debug|Win32
		{20F139D1-AE57-4643-9ED6-386A7AD2AB93}.Release|x64.ActiveCfg = Release|x64
		{20F139D1-AE57-4643-9ED6-386A7AD2AB93}.Release|x64.Build.0 = Release|x64
		{20F139D1-AE57-4643-9ED6-386A7AD2AB93}.Release|x86.ActiveCfg = Release|Win32
		{20F139D1-AE57-4643-9ED6-386A7AD2AB93}.Release|x86.Build.0 = Release|Win32
		{62360EBD-3A31-4570-A10E-EED6F67891C3}.Debug|x64.ActiveCfg = Debug|x64
		{62360EBD-3A31-4570-A10E-EED6F67891C3}.Debug|x64.Build.0 = Debug|x64
		{62360EBD-3A31-4570-A10E-EED6F67891C3}.Debug|x86.ActiveCfg = Debug|Win32
		{62360EBD-3A31-4570-A10E-EED6F67891C3}.Debug|x86.Build.0 = Debug|Win32
		{62360EBD-3A31-4570-A10E-EED6F67891C3}.Release|x64.ActiveCfg = Release|x64
		{62360EBD-3A31-4570-A10E-EED6F67891C3}.Release|x64.Build.0 = Release|x64
		{62360EBD-3A31-4570-A10E-EED6F67891C3}.Release|x86.ActiveCfg = Release|Win32
		{62360EBD-3A31-4570-A10E-EED6F67891C3}.Release|x86.Build.0 = Release|Win32
		{DD00B1E6-89B2-411A-8FA1-B37F4ABC617F}.Debug|x64.ActiveCfg = Debug|x64
		{DD00B1E6-89B2-411A-8FA1-B37F4ABC617F}.Debug|x64.Build.0 = Debug|x64
		{DD00B1E6-89B2-411A-8FA1-B37F4ABC617F}.Debug|x86.ActiveCfg = Debug|Win32
		{DD00B1E6-89B2-411A-8FA1-B37F4ABC617F}.Debug|x86.Build.0 = Debug|Win32
		{DD00B1E6-89B2-411A-8FA1-B37F4ABC617F}.Release|x64.ActiveCfg = Release|x64
		{DD00B1E6-89B2-411A-8FA1-B37F4ABC617F}.Release|x64.Build.0 = Release|x64
		{DD00B1E6-89B2-411A-8FA1-B37F4ABC617F}.Release|x86.ActiveCfg = Release|Win32
		{DD00B1E6-89B2-411A-8FA1-B37F4ABC617F}.Release|x86.Build.0 = Release|Win32
		{77E7DA05-B38A-4F8E-9BE4-0347BDDB0374}.Debug|x64.ActiveCfg = Debug|x64
		{77E7DA05-B38A-4F8E-9BE4-0347BDDB0374}.Debug|x64.Build.0 = Debug|x64
		{77E7DA05-B38A-4F8E-9BE4-0347BDDB0374}.Debug|x86.ActiveCfg = Debug|Win32
		{77E7DA05-B38A-4F8E-9BE4-0347BDDB0374}.Debug|x86.Build.0 = Debug|Win32
		{77E7DA05-B38A-4F8E-9BE4-0347BDDB0374}.Release|x64.ActiveCfg = Release|x64
		{77E7DA05-B38A-4F8E-9BE4-0347BDDB0374}.Release|x64.Build.0 = Release|x64
		{77E7DA05-B38A-4F8E-9BE4-0347BDDB0374}.Release|x86.ActiveCfg = Release|Win32
		{77E7DA05-B38A-4F8E-9BE4-0347BDDB0374}.Release|x86.Build.0 = Release|Win32
		{847A4C63-2C53-4A6F-AD19-ECA113FD6742}.Debug|x64.ActiveCfg = Debug|x64
		{847A4C63-2C53-4A6F-AD19-ECA113FD6742}.Debug|x64.Build.0 = Debug|x64
		{847A4C63-2C53-4A6F-AD19-ECA113FD6742}.Debug|x86.ActiveCfg = Debug|Win32
		{847A4C63-2C53-4A6F-AD19-ECA113FD6742}.Debug|x86.Build.0 = Debug|Win32
		{847A4C63-2C53-4A6F-AD19-ECA113FD6742}.Release|x64.ActiveCfg = Release|x64
		{847A4C63-2C53-4A6F-AD19-ECA113FD6742}.Release|x64.Build.0 = Release|x64
		{847A4C63-2C53-4A6F-AD19-ECA113FD6742}.Release|x86.ActiveCfg = Release|Win32
		{847A4C63-2C53-4A6F-AD19-ECA113FD6742}.Release|x86.Build.0 = Release|Win32
	EndGlobalSection
	GlobalSection(SolutionProperties) = preSolution
		HideSolutionNode = FALSE
	EndGlobalSection
	GlobalSection(ExtensibilityGlobals) = postSolution
		SolutionGuid = {50E6EE68-F797-4688-86F5-3C99CFF28A48}
	EndGlobalSection
EndGlobal
